// !$*UTF8*$!
{
	archiveVersion = 1;
	classes = {
	};
	objectVersion = 50;
	objects = {

/* Begin PBXBuildFile section */
		02777BBC243BD75200521891 /* Personagem.storyboard in Resources */ = {isa = PBXBuildFile; fileRef = 02777BBA243BD75200521891 /* Personagem.storyboard */; };
		029BABD5245A03F800E02336 /* Localizable.strings in Resources */ = {isa = PBXBuildFile; fileRef = 029BABD7245A03F800E02336 /* Localizable.strings */; };
		029BABE3245A192B00E02336 /* Config.storyboard in Resources */ = {isa = PBXBuildFile; fileRef = 029BABE5245A192B00E02336 /* Config.storyboard */; };
		02E361F12447739A00FC81F4 /* NameAndAge.swift in Sources */ = {isa = PBXBuildFile; fileRef = 02E361F02447739A00FC81F4 /* NameAndAge.swift */; };
		02E361F32447744F00FC81F4 /* Conditions.swift in Sources */ = {isa = PBXBuildFile; fileRef = 02E361F22447744F00FC81F4 /* Conditions.swift */; };
		02E361F72450B35800FC81F4 /* EditCharacter.swift in Sources */ = {isa = PBXBuildFile; fileRef = 02E361F62450B35800FC81F4 /* EditCharacter.swift */; };
		050ADBE7243BD87500FF22DB /* ConfigViewController.swift in Sources */ = {isa = PBXBuildFile; fileRef = 050ADBE6243BD87500FF22DB /* ConfigViewController.swift */; };
		050ADBE9243BD9C100FF22DB /* CollectionViewController.swift in Sources */ = {isa = PBXBuildFile; fileRef = 050ADBE8243BD9C100FF22DB /* CollectionViewController.swift */; };
		050ADBEB243BDA0900FF22DB /* CustomCollectionCell.swift in Sources */ = {isa = PBXBuildFile; fileRef = 050ADBEA243BDA0900FF22DB /* CustomCollectionCell.swift */; };
		050ADBED243BDA5100FF22DB /* TableCell.swift in Sources */ = {isa = PBXBuildFile; fileRef = 050ADBEC243BDA5100FF22DB /* TableCell.swift */; };
		050ADBEF243BDA9000FF22DB /* TableViewController.swift in Sources */ = {isa = PBXBuildFile; fileRef = 050ADBEE243BDA9000FF22DB /* TableViewController.swift */; };
		050ADBF1243BDAF400FF22DB /* Tutorial.storyboard in Resources */ = {isa = PBXBuildFile; fileRef = 050ADBF0243BDAF400FF22DB /* Tutorial.storyboard */; };
		050ADBF7243BDD6E00FF22DB /* soviet-anthem.mp3 in Resources */ = {isa = PBXBuildFile; fileRef = 050ADBF6243BDD6E00FF22DB /* soviet-anthem.mp3 */; };
		0525C4B72450B98000B51633 /* Calculo.swift in Sources */ = {isa = PBXBuildFile; fileRef = 0525C4B62450B98000B51633 /* Calculo.swift */; };
		05CDA33F244A33600092E3AE /* IconsPersonagem.png in Resources */ = {isa = PBXBuildFile; fileRef = 05CDA33C244A33600092E3AE /* IconsPersonagem.png */; };
		05CDA340244A33600092E3AE /* IconsCard.png in Resources */ = {isa = PBXBuildFile; fileRef = 05CDA33D244A33600092E3AE /* IconsCard.png */; };
		05CDA341244A33600092E3AE /* IconsPrato.png in Resources */ = {isa = PBXBuildFile; fileRef = 05CDA33E244A33600092E3AE /* IconsPrato.png */; };
		05D70B61243F99D1006E6094 /* TutorialContentViewController.swift in Sources */ = {isa = PBXBuildFile; fileRef = 05D70B5E243F99D1006E6094 /* TutorialContentViewController.swift */; };
		05D70B62243F99D1006E6094 /* TutorialViewController.swift in Sources */ = {isa = PBXBuildFile; fileRef = 05D70B5F243F99D1006E6094 /* TutorialViewController.swift */; };
		05D70B63243F99D1006E6094 /* TutorialPageViewController.swift in Sources */ = {isa = PBXBuildFile; fileRef = 05D70B60243F99D1006E6094 /* TutorialPageViewController.swift */; };
		05D70B66243F9A9A006E6094 /* img.jpg in Resources */ = {isa = PBXBuildFile; fileRef = 05D70B65243F9A9A006E6094 /* img.jpg */; };
		78C661112445FA52000AEC7B /* CardView.storyboard in Resources */ = {isa = PBXBuildFile; fileRef = 78C661102445FA52000AEC7B /* CardView.storyboard */; };
		78C661132445FB0E000AEC7B /* CardView.swift in Sources */ = {isa = PBXBuildFile; fileRef = 78C661122445FB0E000AEC7B /* CardView.swift */; };
		78C6611F2445FD98000AEC7B /* Alimento.swift in Sources */ = {isa = PBXBuildFile; fileRef = 78C6611E2445FD98000AEC7B /* Alimento.swift */; };
		78C661212445FDC0000AEC7B /* AlimentoService.swift in Sources */ = {isa = PBXBuildFile; fileRef = 78C661202445FDC0000AEC7B /* AlimentoService.swift */; };
		78C661262445FEA0000AEC7B /* CombineCardView.swift in Sources */ = {isa = PBXBuildFile; fileRef = 78C661252445FEA0000AEC7B /* CombineCardView.swift */; };
		B669F7C1245228BD002464FC /* PratoTableVC.swift in Sources */ = {isa = PBXBuildFile; fileRef = B669F7C0245228BD002464FC /* PratoTableVC.swift */; };
		B669F7C324522900002464FC /* Prato.storyboard in Resources */ = {isa = PBXBuildFile; fileRef = B669F7C224522900002464FC /* Prato.storyboard */; };
		B669F7C52452292E002464FC /* PratoCell.swift in Sources */ = {isa = PBXBuildFile; fileRef = B669F7C42452292E002464FC /* PratoCell.swift */; };
		B6948C5A242D45C600A2315C /* AppDelegate.swift in Sources */ = {isa = PBXBuildFile; fileRef = B6948C59242D45C600A2315C /* AppDelegate.swift */; };
		B6948C5C242D45C600A2315C /* SceneDelegate.swift in Sources */ = {isa = PBXBuildFile; fileRef = B6948C5B242D45C600A2315C /* SceneDelegate.swift */; };
		B6948C5E242D45C600A2315C /* ViewController.swift in Sources */ = {isa = PBXBuildFile; fileRef = B6948C5D242D45C600A2315C /* ViewController.swift */; };
		B6948C61242D45C600A2315C /* Main.storyboard in Resources */ = {isa = PBXBuildFile; fileRef = B6948C5F242D45C600A2315C /* Main.storyboard */; };
		B6948C63242D45C800A2315C /* Assets.xcassets in Resources */ = {isa = PBXBuildFile; fileRef = B6948C62242D45C800A2315C /* Assets.xcassets */; };
		B6948C66242D45C800A2315C /* LaunchScreen.storyboard in Resources */ = {isa = PBXBuildFile; fileRef = B6948C64242D45C800A2315C /* LaunchScreen.storyboard */; };
		B6948C71242D45C800A2315C /* FoodGameTests.swift in Sources */ = {isa = PBXBuildFile; fileRef = B6948C70242D45C800A2315C /* FoodGameTests.swift */; };
		B6948C7C242D45C800A2315C /* FoodGameUITests.swift in Sources */ = {isa = PBXBuildFile; fileRef = B6948C7B242D45C800A2315C /* FoodGameUITests.swift */; };
		B6DD84AA2444EDA900106F25 /* Pause.storyboard in Resources */ = {isa = PBXBuildFile; fileRef = B6DD84A92444EDA900106F25 /* Pause.storyboard */; };
		B6DD84AD2444F1EF00106F25 /* PauseVC.swift in Sources */ = {isa = PBXBuildFile; fileRef = B6DD84AC2444F1EF00106F25 /* PauseVC.swift */; };
		B6DD84B02444FBD600106F25 /* CustonButton.swift in Sources */ = {isa = PBXBuildFile; fileRef = B6DD84AF2444FBD600106F25 /* CustonButton.swift */; };
		B6DD84BA2448EB9800106F25 /* UIImageView.swift in Sources */ = {isa = PBXBuildFile; fileRef = B6DD84B92448EB9800106F25 /* UIImageView.swift */; };
		B6DD84BC2448EBC300106F25 /* UILabel.swift in Sources */ = {isa = PBXBuildFile; fileRef = B6DD84BB2448EBC300106F25 /* UILabel.swift */; };
		B6DD84BE2448EBE900106F25 /* UIView.swift in Sources */ = {isa = PBXBuildFile; fileRef = B6DD84BD2448EBE900106F25 /* UIView.swift */; };
		F23C0345244645D800BC921A /* Game.storyboard in Resources */ = {isa = PBXBuildFile; fileRef = F23C0344244645D800BC921A /* Game.storyboard */; };
		F23C034824464C2E00BC921A /* Game.swift in Sources */ = {isa = PBXBuildFile; fileRef = F23C034724464C2E00BC921A /* Game.swift */; };
		F2620160243BA47D00F8E077 /* StartMenu.storyboard in Resources */ = {isa = PBXBuildFile; fileRef = F262015F243BA47D00F8E077 /* StartMenu.storyboard */; };
		F26D4FE22461FEFE00FCFEB8 /* ConfigPauseVC.swift in Sources */ = {isa = PBXBuildFile; fileRef = F26D4FE12461FEFE00FCFEB8 /* ConfigPauseVC.swift */; };
		F274045F243B90C800855269 /* ImagineTheGame.swift in Sources */ = {isa = PBXBuildFile; fileRef = F274045E243B90C800855269 /* ImagineTheGame.swift */; };
		F2740461243B90E800855269 /* ImagineTheGame.storyboard in Resources */ = {isa = PBXBuildFile; fileRef = F2740460243B90E800855269 /* ImagineTheGame.storyboard */; };
		F2740463243B936700855269 /* MealResult.swift in Sources */ = {isa = PBXBuildFile; fileRef = F2740462243B936700855269 /* MealResult.swift */; };
		F2740465243B937E00855269 /* DayResult.swift in Sources */ = {isa = PBXBuildFile; fileRef = F2740464243B937E00855269 /* DayResult.swift */; };
		F2740467243B939500855269 /* MealResult.storyboard in Resources */ = {isa = PBXBuildFile; fileRef = F2740466243B939500855269 /* MealResult.storyboard */; };
		F2740469243B93A300855269 /* DayResult.storyboard in Resources */ = {isa = PBXBuildFile; fileRef = F2740468243B93A300855269 /* DayResult.storyboard */; };
		F2A4328B24463BA800B3BDC3 /* LaunchScreen.swift in Sources */ = {isa = PBXBuildFile; fileRef = F2A4328A24463BA800B3BDC3 /* LaunchScreen.swift */; };
		F2E83C32244636320085BF25 /* InitialMenu.swift in Sources */ = {isa = PBXBuildFile; fileRef = F2E83C31244636320085BF25 /* InitialMenu.swift */; };
		F2F907862461DAC100805F55 /* CreditosViewController.swift in Sources */ = {isa = PBXBuildFile; fileRef = F2F907852461DAC100805F55 /* CreditosViewController.swift */; };
/* End PBXBuildFile section */

/* Begin PBXContainerItemProxy section */
		B6948C6D242D45C800A2315C /* PBXContainerItemProxy */ = {
			isa = PBXContainerItemProxy;
			containerPortal = B6948C4E242D45C600A2315C /* Project object */;
			proxyType = 1;
			remoteGlobalIDString = B6948C55242D45C600A2315C;
			remoteInfo = FoodGame;
		};
		B6948C78242D45C800A2315C /* PBXContainerItemProxy */ = {
			isa = PBXContainerItemProxy;
			containerPortal = B6948C4E242D45C600A2315C /* Project object */;
			proxyType = 1;
			remoteGlobalIDString = B6948C55242D45C600A2315C;
			remoteInfo = FoodGame;
		};
/* End PBXContainerItemProxy section */

/* Begin PBXFileReference section */
		0266BA74245B448B00CFFB77 /* en */ = {isa = PBXFileReference; lastKnownFileType = text.plist.strings; name = en; path = en.lproj/Config.strings; sourceTree = "<group>"; };
		02777BBB243BD75200521891 /* Base */ = {isa = PBXFileReference; lastKnownFileType = file.storyboard; name = Base; path = Base.lproj/Personagem.storyboard; sourceTree = "<group>"; };
		029BABD6245A03F800E02336 /* en */ = {isa = PBXFileReference; lastKnownFileType = text.plist.strings; name = en; path = en.lproj/Localizable.strings; sourceTree = "<group>"; };
		029BABDA245A053200E02336 /* Base */ = {isa = PBXFileReference; lastKnownFileType = text.plist.xml; name = Base; path = Base.lproj/Info.plist; sourceTree = "<group>"; };
		029BABDC245A05CF00E02336 /* pt-BR */ = {isa = PBXFileReference; lastKnownFileType = text.plist.strings; name = "pt-BR"; path = "pt-BR.lproj/Main.strings"; sourceTree = "<group>"; };
		029BABDD245A05D000E02336 /* pt-BR */ = {isa = PBXFileReference; lastKnownFileType = text.plist.strings; name = "pt-BR"; path = "pt-BR.lproj/LaunchScreen.strings"; sourceTree = "<group>"; };
		029BABDE245A05D000E02336 /* pt-BR */ = {isa = PBXFileReference; lastKnownFileType = text.plist.strings; name = "pt-BR"; path = "pt-BR.lproj/Localizable.strings"; sourceTree = "<group>"; };
		029BABDF245A05D000E02336 /* pt-BR */ = {isa = PBXFileReference; lastKnownFileType = text.plist.xml; name = "pt-BR"; path = "pt-BR.lproj/Info.plist"; sourceTree = "<group>"; };
		029BABE1245A08DF00E02336 /* en */ = {isa = PBXFileReference; lastKnownFileType = text.plist.strings; name = en; path = en.lproj/Personagem.strings; sourceTree = "<group>"; };
		029BABE2245A0ABC00E02336 /* pt-BR */ = {isa = PBXFileReference; lastKnownFileType = text.plist.strings; name = "pt-BR"; path = "pt-BR.lproj/Personagem.strings"; sourceTree = "<group>"; };
		029BABE7245A193400E02336 /* pt-BR */ = {isa = PBXFileReference; lastKnownFileType = text.plist.strings; name = "pt-BR"; path = "pt-BR.lproj/Config.strings"; sourceTree = "<group>"; };
		029BABE8245A193600E02336 /* Base */ = {isa = PBXFileReference; lastKnownFileType = file.storyboard; name = Base; path = Base.lproj/Config.storyboard; sourceTree = "<group>"; };
		02E361F02447739A00FC81F4 /* NameAndAge.swift */ = {isa = PBXFileReference; lastKnownFileType = sourcecode.swift; path = NameAndAge.swift; sourceTree = "<group>"; };
		02E361F22447744F00FC81F4 /* Conditions.swift */ = {isa = PBXFileReference; lastKnownFileType = sourcecode.swift; path = Conditions.swift; sourceTree = "<group>"; };
		02E361F62450B35800FC81F4 /* EditCharacter.swift */ = {isa = PBXFileReference; lastKnownFileType = sourcecode.swift; path = EditCharacter.swift; sourceTree = "<group>"; };
		050ADBE6243BD87500FF22DB /* ConfigViewController.swift */ = {isa = PBXFileReference; lastKnownFileType = sourcecode.swift; path = ConfigViewController.swift; sourceTree = "<group>"; };
		050ADBE8243BD9C100FF22DB /* CollectionViewController.swift */ = {isa = PBXFileReference; lastKnownFileType = sourcecode.swift; path = CollectionViewController.swift; sourceTree = "<group>"; };
		050ADBEA243BDA0900FF22DB /* CustomCollectionCell.swift */ = {isa = PBXFileReference; lastKnownFileType = sourcecode.swift; path = CustomCollectionCell.swift; sourceTree = "<group>"; };
		050ADBEC243BDA5100FF22DB /* TableCell.swift */ = {isa = PBXFileReference; lastKnownFileType = sourcecode.swift; path = TableCell.swift; sourceTree = "<group>"; };
		050ADBEE243BDA9000FF22DB /* TableViewController.swift */ = {isa = PBXFileReference; lastKnownFileType = sourcecode.swift; path = TableViewController.swift; sourceTree = "<group>"; };
		050ADBF0243BDAF400FF22DB /* Tutorial.storyboard */ = {isa = PBXFileReference; lastKnownFileType = file.storyboard; path = Tutorial.storyboard; sourceTree = "<group>"; };
		050ADBF6243BDD6E00FF22DB /* soviet-anthem.mp3 */ = {isa = PBXFileReference; lastKnownFileType = audio.mp3; path = "soviet-anthem.mp3"; sourceTree = "<group>"; };
		0525C4B62450B98000B51633 /* Calculo.swift */ = {isa = PBXFileReference; lastKnownFileType = sourcecode.swift; path = Calculo.swift; sourceTree = "<group>"; };
		05CDA33C244A33600092E3AE /* IconsPersonagem.png */ = {isa = PBXFileReference; lastKnownFileType = image.png; path = IconsPersonagem.png; sourceTree = "<group>"; };
		05CDA33D244A33600092E3AE /* IconsCard.png */ = {isa = PBXFileReference; lastKnownFileType = image.png; path = IconsCard.png; sourceTree = "<group>"; };
		05CDA33E244A33600092E3AE /* IconsPrato.png */ = {isa = PBXFileReference; lastKnownFileType = image.png; path = IconsPrato.png; sourceTree = "<group>"; };
		05D70B5E243F99D1006E6094 /* TutorialContentViewController.swift */ = {isa = PBXFileReference; fileEncoding = 4; lastKnownFileType = sourcecode.swift; path = TutorialContentViewController.swift; sourceTree = "<group>"; };
		05D70B5F243F99D1006E6094 /* TutorialViewController.swift */ = {isa = PBXFileReference; fileEncoding = 4; lastKnownFileType = sourcecode.swift; path = TutorialViewController.swift; sourceTree = "<group>"; };
		05D70B60243F99D1006E6094 /* TutorialPageViewController.swift */ = {isa = PBXFileReference; fileEncoding = 4; lastKnownFileType = sourcecode.swift; path = TutorialPageViewController.swift; sourceTree = "<group>"; };
		05D70B65243F9A9A006E6094 /* img.jpg */ = {isa = PBXFileReference; lastKnownFileType = image.jpeg; path = img.jpg; sourceTree = "<group>"; };
		78C661102445FA52000AEC7B /* CardView.storyboard */ = {isa = PBXFileReference; lastKnownFileType = file.storyboard; path = CardView.storyboard; sourceTree = "<group>"; };
		78C661122445FB0E000AEC7B /* CardView.swift */ = {isa = PBXFileReference; lastKnownFileType = sourcecode.swift; path = CardView.swift; sourceTree = "<group>"; };
		78C6611E2445FD98000AEC7B /* Alimento.swift */ = {isa = PBXFileReference; lastKnownFileType = sourcecode.swift; path = Alimento.swift; sourceTree = "<group>"; };
		78C661202445FDC0000AEC7B /* AlimentoService.swift */ = {isa = PBXFileReference; lastKnownFileType = sourcecode.swift; path = AlimentoService.swift; sourceTree = "<group>"; };
		78C661252445FEA0000AEC7B /* CombineCardView.swift */ = {isa = PBXFileReference; lastKnownFileType = sourcecode.swift; path = CombineCardView.swift; sourceTree = "<group>"; };
		B669F7C0245228BD002464FC /* PratoTableVC.swift */ = {isa = PBXFileReference; lastKnownFileType = sourcecode.swift; path = PratoTableVC.swift; sourceTree = "<group>"; };
		B669F7C224522900002464FC /* Prato.storyboard */ = {isa = PBXFileReference; lastKnownFileType = file.storyboard; path = Prato.storyboard; sourceTree = "<group>"; };
		B669F7C42452292E002464FC /* PratoCell.swift */ = {isa = PBXFileReference; lastKnownFileType = sourcecode.swift; path = PratoCell.swift; sourceTree = "<group>"; };
		B6948C56242D45C600A2315C /* FoodGame.app */ = {isa = PBXFileReference; explicitFileType = wrapper.application; includeInIndex = 0; path = FoodGame.app; sourceTree = BUILT_PRODUCTS_DIR; };
		B6948C59242D45C600A2315C /* AppDelegate.swift */ = {isa = PBXFileReference; lastKnownFileType = sourcecode.swift; path = AppDelegate.swift; sourceTree = "<group>"; };
		B6948C5B242D45C600A2315C /* SceneDelegate.swift */ = {isa = PBXFileReference; lastKnownFileType = sourcecode.swift; path = SceneDelegate.swift; sourceTree = "<group>"; };
		B6948C5D242D45C600A2315C /* ViewController.swift */ = {isa = PBXFileReference; lastKnownFileType = sourcecode.swift; path = ViewController.swift; sourceTree = "<group>"; };
		B6948C60242D45C600A2315C /* Base */ = {isa = PBXFileReference; lastKnownFileType = file.storyboard; name = Base; path = Base.lproj/Main.storyboard; sourceTree = "<group>"; };
		B6948C62242D45C800A2315C /* Assets.xcassets */ = {isa = PBXFileReference; lastKnownFileType = folder.assetcatalog; path = Assets.xcassets; sourceTree = "<group>"; };
		B6948C65242D45C800A2315C /* Base */ = {isa = PBXFileReference; lastKnownFileType = file.storyboard; name = Base; path = Base.lproj/LaunchScreen.storyboard; sourceTree = "<group>"; };
		B6948C67242D45C800A2315C /* Info.plist */ = {isa = PBXFileReference; lastKnownFileType = text.plist.xml; path = Info.plist; sourceTree = "<group>"; };
		B6948C6C242D45C800A2315C /* FoodGameTests.xctest */ = {isa = PBXFileReference; explicitFileType = wrapper.cfbundle; includeInIndex = 0; path = FoodGameTests.xctest; sourceTree = BUILT_PRODUCTS_DIR; };
		B6948C70242D45C800A2315C /* FoodGameTests.swift */ = {isa = PBXFileReference; lastKnownFileType = sourcecode.swift; path = FoodGameTests.swift; sourceTree = "<group>"; };
		B6948C72242D45C800A2315C /* Info.plist */ = {isa = PBXFileReference; lastKnownFileType = text.plist.xml; path = Info.plist; sourceTree = "<group>"; };
		B6948C77242D45C800A2315C /* FoodGameUITests.xctest */ = {isa = PBXFileReference; explicitFileType = wrapper.cfbundle; includeInIndex = 0; path = FoodGameUITests.xctest; sourceTree = BUILT_PRODUCTS_DIR; };
		B6948C7B242D45C800A2315C /* FoodGameUITests.swift */ = {isa = PBXFileReference; lastKnownFileType = sourcecode.swift; path = FoodGameUITests.swift; sourceTree = "<group>"; };
		B6DD84A92444EDA900106F25 /* Pause.storyboard */ = {isa = PBXFileReference; lastKnownFileType = file.storyboard; path = Pause.storyboard; sourceTree = "<group>"; };
		B6DD84AC2444F1EF00106F25 /* PauseVC.swift */ = {isa = PBXFileReference; lastKnownFileType = sourcecode.swift; path = PauseVC.swift; sourceTree = "<group>"; };
		B6DD84AF2444FBD600106F25 /* CustonButton.swift */ = {isa = PBXFileReference; lastKnownFileType = sourcecode.swift; path = CustonButton.swift; sourceTree = "<group>"; };
		B6DD84B92448EB9800106F25 /* UIImageView.swift */ = {isa = PBXFileReference; lastKnownFileType = sourcecode.swift; path = UIImageView.swift; sourceTree = "<group>"; };
		B6DD84BB2448EBC300106F25 /* UILabel.swift */ = {isa = PBXFileReference; lastKnownFileType = sourcecode.swift; path = UILabel.swift; sourceTree = "<group>"; };
		B6DD84BD2448EBE900106F25 /* UIView.swift */ = {isa = PBXFileReference; lastKnownFileType = sourcecode.swift; path = UIView.swift; sourceTree = "<group>"; };
		F23C0344244645D800BC921A /* Game.storyboard */ = {isa = PBXFileReference; lastKnownFileType = file.storyboard; path = Game.storyboard; sourceTree = "<group>"; };
		F23C034724464C2E00BC921A /* Game.swift */ = {isa = PBXFileReference; lastKnownFileType = sourcecode.swift; path = Game.swift; sourceTree = "<group>"; };
		F262015F243BA47D00F8E077 /* StartMenu.storyboard */ = {isa = PBXFileReference; lastKnownFileType = file.storyboard; path = StartMenu.storyboard; sourceTree = "<group>"; };
		F26D4FE12461FEFE00FCFEB8 /* ConfigPauseVC.swift */ = {isa = PBXFileReference; lastKnownFileType = sourcecode.swift; path = ConfigPauseVC.swift; sourceTree = "<group>"; };
		F274045E243B90C800855269 /* ImagineTheGame.swift */ = {isa = PBXFileReference; lastKnownFileType = sourcecode.swift; path = ImagineTheGame.swift; sourceTree = "<group>"; };
		F2740460243B90E800855269 /* ImagineTheGame.storyboard */ = {isa = PBXFileReference; lastKnownFileType = file.storyboard; path = ImagineTheGame.storyboard; sourceTree = "<group>"; };
		F2740462243B936700855269 /* MealResult.swift */ = {isa = PBXFileReference; lastKnownFileType = sourcecode.swift; path = MealResult.swift; sourceTree = "<group>"; };
		F2740464243B937E00855269 /* DayResult.swift */ = {isa = PBXFileReference; lastKnownFileType = sourcecode.swift; path = DayResult.swift; sourceTree = "<group>"; };
		F2740466243B939500855269 /* MealResult.storyboard */ = {isa = PBXFileReference; lastKnownFileType = file.storyboard; path = MealResult.storyboard; sourceTree = "<group>"; };
		F2740468243B93A300855269 /* DayResult.storyboard */ = {isa = PBXFileReference; lastKnownFileType = file.storyboard; path = DayResult.storyboard; sourceTree = "<group>"; };
		F2A4328A24463BA800B3BDC3 /* LaunchScreen.swift */ = {isa = PBXFileReference; lastKnownFileType = sourcecode.swift; path = LaunchScreen.swift; sourceTree = "<group>"; };
		F2E83C31244636320085BF25 /* InitialMenu.swift */ = {isa = PBXFileReference; lastKnownFileType = sourcecode.swift; path = InitialMenu.swift; sourceTree = "<group>"; };
		F2F907852461DAC100805F55 /* CreditosViewController.swift */ = {isa = PBXFileReference; fileEncoding = 4; lastKnownFileType = sourcecode.swift; path = CreditosViewController.swift; sourceTree = "<group>"; };
/* End PBXFileReference section */

/* Begin PBXFrameworksBuildPhase section */
		B6948C53242D45C600A2315C /* Frameworks */ = {
			isa = PBXFrameworksBuildPhase;
			buildActionMask = 2147483647;
			files = (
			);
			runOnlyForDeploymentPostprocessing = 0;
		};
		B6948C69242D45C800A2315C /* Frameworks */ = {
			isa = PBXFrameworksBuildPhase;
			buildActionMask = 2147483647;
			files = (
			);
			runOnlyForDeploymentPostprocessing = 0;
		};
		B6948C74242D45C800A2315C /* Frameworks */ = {
			isa = PBXFrameworksBuildPhase;
			buildActionMask = 2147483647;
			files = (
			);
			runOnlyForDeploymentPostprocessing = 0;
		};
/* End PBXFrameworksBuildPhase section */

/* Begin PBXGroup section */
		029BABD22459FD9100E02336 /* Languages */ = {
			isa = PBXGroup;
			children = (
				029BABD7245A03F800E02336 /* Localizable.strings */,
			);
			path = Languages;
			sourceTree = "<group>";
		};
		02E361EF244772E700FC81F4 /* Personagem */ = {
			isa = PBXGroup;
			children = (
				02E361F02447739A00FC81F4 /* NameAndAge.swift */,
				02E361F22447744F00FC81F4 /* Conditions.swift */,
				02E361F62450B35800FC81F4 /* EditCharacter.swift */,
			);
			path = Personagem;
			sourceTree = "<group>";
		};
		050ADBF5243BDD5100FF22DB /* Sounds */ = {
			isa = PBXGroup;
			children = (
				050ADBF6243BDD6E00FF22DB /* soviet-anthem.mp3 */,
			);
			path = Sounds;
			sourceTree = "<group>";
		};
		05BFA2A024465B41006E126A /* Configuracao */ = {
			isa = PBXGroup;
			children = (
				F2F907852461DAC100805F55 /* CreditosViewController.swift */,
				050ADBE6243BD87500FF22DB /* ConfigViewController.swift */,
				050ADBE8243BD9C100FF22DB /* CollectionViewController.swift */,
				050ADBEA243BDA0900FF22DB /* CustomCollectionCell.swift */,
				050ADBEC243BDA5100FF22DB /* TableCell.swift */,
				050ADBEE243BDA9000FF22DB /* TableViewController.swift */,
			);
			path = Configuracao;
			sourceTree = "<group>";
		};
		05D70B5D243F97D9006E6094 /* Tutorial */ = {
			isa = PBXGroup;
			children = (
				05D70B5E243F99D1006E6094 /* TutorialContentViewController.swift */,
				05D70B60243F99D1006E6094 /* TutorialPageViewController.swift */,
				05D70B5F243F99D1006E6094 /* TutorialViewController.swift */,
			);
			path = Tutorial;
			sourceTree = "<group>";
		};
		05D70B64243F9A80006E6094 /* Img */ = {
			isa = PBXGroup;
			children = (
				05CDA33D244A33600092E3AE /* IconsCard.png */,
				05CDA33C244A33600092E3AE /* IconsPersonagem.png */,
				05CDA33E244A33600092E3AE /* IconsPrato.png */,
				05D70B65243F9A9A006E6094 /* img.jpg */,
			);
			path = Img;
			sourceTree = "<group>";
		};
		78C661142445FC14000AEC7B /* CardView */ = {
			isa = PBXGroup;
			children = (
				78C6611E2445FD98000AEC7B /* Alimento.swift */,
				78C661202445FDC0000AEC7B /* AlimentoService.swift */,
				78C661122445FB0E000AEC7B /* CardView.swift */,
				0525C4B62450B98000B51633 /* Calculo.swift */,
			);
			path = CardView;
			sourceTree = "<group>";
		};
		B669F7BF2452287C002464FC /* Prato */ = {
			isa = PBXGroup;
			children = (
				B669F7C0245228BD002464FC /* PratoTableVC.swift */,
				B669F7C42452292E002464FC /* PratoCell.swift */,
			);
			path = Prato;
			sourceTree = "<group>";
		};
		B6948C4D242D45C600A2315C = {
			isa = PBXGroup;
			children = (
				B6948C58242D45C600A2315C /* FoodGame */,
				B6948C6F242D45C800A2315C /* FoodGameTests */,
				B6948C7A242D45C800A2315C /* FoodGameUITests */,
				B6948C57242D45C600A2315C /* Products */,
			);
			sourceTree = "<group>";
		};
		B6948C57242D45C600A2315C /* Products */ = {
			isa = PBXGroup;
			children = (
				B6948C56242D45C600A2315C /* FoodGame.app */,
				B6948C6C242D45C800A2315C /* FoodGameTests.xctest */,
				B6948C77242D45C800A2315C /* FoodGameUITests.xctest */,
			);
			name = Products;
			sourceTree = "<group>";
		};
		B6948C58242D45C600A2315C /* FoodGame */ = {
			isa = PBXGroup;
			children = (
				029BABD22459FD9100E02336 /* Languages */,
				05D70B64243F9A80006E6094 /* Img */,
				050ADBF5243BDD5100FF22DB /* Sounds */,
				F274045D243B908300855269 /* src */,
				F274045C243B907C00855269 /* Storyboards */,
				B6948C59242D45C600A2315C /* AppDelegate.swift */,
				B6948C5B242D45C600A2315C /* SceneDelegate.swift */,
				B6948C5D242D45C600A2315C /* ViewController.swift */,
				B6948C5F242D45C600A2315C /* Main.storyboard */,
				B6948C62242D45C800A2315C /* Assets.xcassets */,
				B6948C64242D45C800A2315C /* LaunchScreen.storyboard */,
				B6948C67242D45C800A2315C /* Info.plist */,
			);
			path = FoodGame;
			sourceTree = "<group>";
		};
		B6948C6F242D45C800A2315C /* FoodGameTests */ = {
			isa = PBXGroup;
			children = (
				B6948C70242D45C800A2315C /* FoodGameTests.swift */,
				B6948C72242D45C800A2315C /* Info.plist */,
			);
			path = FoodGameTests;
			sourceTree = "<group>";
		};
		B6948C7A242D45C800A2315C /* FoodGameUITests */ = {
			isa = PBXGroup;
			children = (
				B6948C7B242D45C800A2315C /* FoodGameUITests.swift */,
				029BABD9245A052F00E02336 /* Info.plist */,
			);
			path = FoodGameUITests;
			sourceTree = "<group>";
		};
		B6DD84AB2444F1DC00106F25 /* Pause */ = {
			isa = PBXGroup;
			children = (
				B6DD84AC2444F1EF00106F25 /* PauseVC.swift */,
				F26D4FE12461FEFE00FCFEB8 /* ConfigPauseVC.swift */,
			);
			path = Pause;
			sourceTree = "<group>";
		};
		B6DD84AE2444FB6000106F25 /* Controles */ = {
			isa = PBXGroup;
			children = (
				78C661252445FEA0000AEC7B /* CombineCardView.swift */,
				B6DD84B92448EB9800106F25 /* UIImageView.swift */,
				B6DD84BB2448EBC300106F25 /* UILabel.swift */,
				B6DD84BD2448EBE900106F25 /* UIView.swift */,
				B6DD84AF2444FBD600106F25 /* CustonButton.swift */,
			);
			path = Controles;
			sourceTree = "<group>";
		};
		F23C0346244645EA00BC921A /* Jogo */ = {
			isa = PBXGroup;
			children = (
				F23C0344244645D800BC921A /* Game.storyboard */,
				F23C034724464C2E00BC921A /* Game.swift */,
			);
			path = Jogo;
			sourceTree = "<group>";
		};
		F274045C243B907C00855269 /* Storyboards */ = {
			isa = PBXGroup;
			children = (
				F23C0346244645EA00BC921A /* Jogo */,
				029BABE5245A192B00E02336 /* Config.storyboard */,
				050ADBF0243BDAF400FF22DB /* Tutorial.storyboard */,
				F2740460243B90E800855269 /* ImagineTheGame.storyboard */,
				F2740466243B939500855269 /* MealResult.storyboard */,
				F2740468243B93A300855269 /* DayResult.storyboard */,
				F262015F243BA47D00F8E077 /* StartMenu.storyboard */,
				78C661102445FA52000AEC7B /* CardView.storyboard */,
				B6DD84A92444EDA900106F25 /* Pause.storyboard */,
				02777BBA243BD75200521891 /* Personagem.storyboard */,
				B669F7C224522900002464FC /* Prato.storyboard */,
			);
			path = Storyboards;
			sourceTree = "<group>";
		};
		F274045D243B908300855269 /* src */ = {
			isa = PBXGroup;
			children = (
				B669F7BF2452287C002464FC /* Prato */,
				78C661142445FC14000AEC7B /* CardView */,
				05BFA2A024465B41006E126A /* Configuracao */,
				B6DD84AE2444FB6000106F25 /* Controles */,
				F2E83C2F244635C60085BF25 /* Menus */,
				B6DD84AB2444F1DC00106F25 /* Pause */,
				02E361EF244772E700FC81F4 /* Personagem */,
				F2E83C30244635D50085BF25 /* Results */,
				05D70B5D243F97D9006E6094 /* Tutorial */,
			);
			path = src;
			sourceTree = "<group>";
		};
		F2E83C2F244635C60085BF25 /* Menus */ = {
			isa = PBXGroup;
			children = (
				F2E83C31244636320085BF25 /* InitialMenu.swift */,
				F2A4328A24463BA800B3BDC3 /* LaunchScreen.swift */,
			);
			path = Menus;
			sourceTree = "<group>";
		};
		F2E83C30244635D50085BF25 /* Results */ = {
			isa = PBXGroup;
			children = (
				F274045E243B90C800855269 /* ImagineTheGame.swift */,
				F2740462243B936700855269 /* MealResult.swift */,
				F2740464243B937E00855269 /* DayResult.swift */,
			);
			path = Results;
			sourceTree = "<group>";
		};
/* End PBXGroup section */

/* Begin PBXNativeTarget section */
		B6948C55242D45C600A2315C /* FoodGame */ = {
			isa = PBXNativeTarget;
			buildConfigurationList = B6948C80242D45C800A2315C /* Build configuration list for PBXNativeTarget "FoodGame" */;
			buildPhases = (
				B6948C52242D45C600A2315C /* Sources */,
				B6948C53242D45C600A2315C /* Frameworks */,
				B6948C54242D45C600A2315C /* Resources */,
			);
			buildRules = (
			);
			dependencies = (
			);
			name = FoodGame;
			productName = FoodGame;
			productReference = B6948C56242D45C600A2315C /* FoodGame.app */;
			productType = "com.apple.product-type.application";
		};
		B6948C6B242D45C800A2315C /* FoodGameTests */ = {
			isa = PBXNativeTarget;
			buildConfigurationList = B6948C83242D45C800A2315C /* Build configuration list for PBXNativeTarget "FoodGameTests" */;
			buildPhases = (
				B6948C68242D45C800A2315C /* Sources */,
				B6948C69242D45C800A2315C /* Frameworks */,
				B6948C6A242D45C800A2315C /* Resources */,
			);
			buildRules = (
			);
			dependencies = (
				B6948C6E242D45C800A2315C /* PBXTargetDependency */,
			);
			name = FoodGameTests;
			productName = FoodGameTests;
			productReference = B6948C6C242D45C800A2315C /* FoodGameTests.xctest */;
			productType = "com.apple.product-type.bundle.unit-test";
		};
		B6948C76242D45C800A2315C /* FoodGameUITests */ = {
			isa = PBXNativeTarget;
			buildConfigurationList = B6948C86242D45C800A2315C /* Build configuration list for PBXNativeTarget "FoodGameUITests" */;
			buildPhases = (
				B6948C73242D45C800A2315C /* Sources */,
				B6948C74242D45C800A2315C /* Frameworks */,
				B6948C75242D45C800A2315C /* Resources */,
			);
			buildRules = (
			);
			dependencies = (
				B6948C79242D45C800A2315C /* PBXTargetDependency */,
			);
			name = FoodGameUITests;
			productName = FoodGameUITests;
			productReference = B6948C77242D45C800A2315C /* FoodGameUITests.xctest */;
			productType = "com.apple.product-type.bundle.ui-testing";
		};
/* End PBXNativeTarget section */

/* Begin PBXProject section */
		B6948C4E242D45C600A2315C /* Project object */ = {
			isa = PBXProject;
			attributes = {
				LastSwiftUpdateCheck = 1140;
				LastUpgradeCheck = 1140;
				ORGANIZATIONNAME = "Lucas Claro";
				TargetAttributes = {
					B6948C55242D45C600A2315C = {
						CreatedOnToolsVersion = 11.4;
					};
					B6948C6B242D45C800A2315C = {
						CreatedOnToolsVersion = 11.4;
						TestTargetID = B6948C55242D45C600A2315C;
					};
					B6948C76242D45C800A2315C = {
						CreatedOnToolsVersion = 11.4;
						TestTargetID = B6948C55242D45C600A2315C;
					};
				};
			};
			buildConfigurationList = B6948C51242D45C600A2315C /* Build configuration list for PBXProject "FoodGame" */;
			compatibilityVersion = "Xcode 9.3";
			developmentRegion = en;
			hasScannedForEncodings = 0;
			knownRegions = (
				en,
				Base,
				"pt-BR",
			);
			mainGroup = B6948C4D242D45C600A2315C;
			productRefGroup = B6948C57242D45C600A2315C /* Products */;
			projectDirPath = "";
			projectRoot = "";
			targets = (
				B6948C55242D45C600A2315C /* FoodGame */,
				B6948C6B242D45C800A2315C /* FoodGameTests */,
				B6948C76242D45C800A2315C /* FoodGameUITests */,
			);
		};
/* End PBXProject section */

/* Begin PBXResourcesBuildPhase section */
		B6948C54242D45C600A2315C /* Resources */ = {
			isa = PBXResourcesBuildPhase;
			buildActionMask = 2147483647;
			files = (
				050ADBF1243BDAF400FF22DB /* Tutorial.storyboard in Resources */,
				B6948C66242D45C800A2315C /* LaunchScreen.storyboard in Resources */,
				F23C0345244645D800BC921A /* Game.storyboard in Resources */,
				05CDA33F244A33600092E3AE /* IconsPersonagem.png in Resources */,
				02777BBC243BD75200521891 /* Personagem.storyboard in Resources */,
				B669F7C324522900002464FC /* Prato.storyboard in Resources */,
				02777BBC243BD75200521891 /* Personagem.storyboard in Resources */,
				05D70B66243F9A9A006E6094 /* img.jpg in Resources */,
				78C661112445FA52000AEC7B /* CardView.storyboard in Resources */,
				F2620160243BA47D00F8E077 /* StartMenu.storyboard in Resources */,
				F2740461243B90E800855269 /* ImagineTheGame.storyboard in Resources */,
				05CDA341244A33600092E3AE /* IconsPrato.png in Resources */,
				F2740469243B93A300855269 /* DayResult.storyboard in Resources */,
				B6948C63242D45C800A2315C /* Assets.xcassets in Resources */,
				029BABE3245A192B00E02336 /* Config.storyboard in Resources */,
				029BABD5245A03F800E02336 /* Localizable.strings in Resources */,
				B6948C61242D45C600A2315C /* Main.storyboard in Resources */,
				05CDA340244A33600092E3AE /* IconsCard.png in Resources */,
				050ADBF7243BDD6E00FF22DB /* soviet-anthem.mp3 in Resources */,
				F2740467243B939500855269 /* MealResult.storyboard in Resources */,
				B6DD84AA2444EDA900106F25 /* Pause.storyboard in Resources */,
			);
			runOnlyForDeploymentPostprocessing = 0;
		};
		B6948C6A242D45C800A2315C /* Resources */ = {
			isa = PBXResourcesBuildPhase;
			buildActionMask = 2147483647;
			files = (
			);
			runOnlyForDeploymentPostprocessing = 0;
		};
		B6948C75242D45C800A2315C /* Resources */ = {
			isa = PBXResourcesBuildPhase;
			buildActionMask = 2147483647;
			files = (
			);
			runOnlyForDeploymentPostprocessing = 0;
		};
/* End PBXResourcesBuildPhase section */

/* Begin PBXSourcesBuildPhase section */
		B6948C52242D45C600A2315C /* Sources */ = {
			isa = PBXSourcesBuildPhase;
			buildActionMask = 2147483647;
			files = (
				F2E83C32244636320085BF25 /* InitialMenu.swift in Sources */,
				F274045F243B90C800855269 /* ImagineTheGame.swift in Sources */,
				B669F7C1245228BD002464FC /* PratoTableVC.swift in Sources */,
				B6DD84B02444FBD600106F25 /* CustonButton.swift in Sources */,
				F2740463243B936700855269 /* MealResult.swift in Sources */,
				B6948C5E242D45C600A2315C /* ViewController.swift in Sources */,
				B6DD84BA2448EB9800106F25 /* UIImageView.swift in Sources */,
				0525C4B72450B98000B51633 /* Calculo.swift in Sources */,
				B6DD84BE2448EBE900106F25 /* UIView.swift in Sources */,
				B6948C5A242D45C600A2315C /* AppDelegate.swift in Sources */,
				050ADBEB243BDA0900FF22DB /* CustomCollectionCell.swift in Sources */,
				05D70B63243F99D1006E6094 /* TutorialPageViewController.swift in Sources */,
				050ADBEF243BDA9000FF22DB /* TableViewController.swift in Sources */,
				05D70B62243F99D1006E6094 /* TutorialViewController.swift in Sources */,
				F23C034824464C2E00BC921A /* Game.swift in Sources */,
				B669F7C52452292E002464FC /* PratoCell.swift in Sources */,
				F2A4328B24463BA800B3BDC3 /* LaunchScreen.swift in Sources */,
				02E361F72450B35800FC81F4 /* EditCharacter.swift in Sources */,
				F2F907862461DAC100805F55 /* CreditosViewController.swift in Sources */,
				B6DD84BC2448EBC300106F25 /* UILabel.swift in Sources */,
				02E361F32447744F00FC81F4 /* Conditions.swift in Sources */,
				050ADBED243BDA5100FF22DB /* TableCell.swift in Sources */,
				05D70B61243F99D1006E6094 /* TutorialContentViewController.swift in Sources */,
				F26D4FE22461FEFE00FCFEB8 /* ConfigPauseVC.swift in Sources */,
				050ADBE7243BD87500FF22DB /* ConfigViewController.swift in Sources */,
				78C6611F2445FD98000AEC7B /* Alimento.swift in Sources */,
				78C661212445FDC0000AEC7B /* AlimentoService.swift in Sources */,
				78C661262445FEA0000AEC7B /* CombineCardView.swift in Sources */,
				B6948C5C242D45C600A2315C /* SceneDelegate.swift in Sources */,
				050ADBE9243BD9C100FF22DB /* CollectionViewController.swift in Sources */,
				02E361F12447739A00FC81F4 /* NameAndAge.swift in Sources */,
				78C661132445FB0E000AEC7B /* CardView.swift in Sources */,
				F2740465243B937E00855269 /* DayResult.swift in Sources */,
				B6DD84AD2444F1EF00106F25 /* PauseVC.swift in Sources */,
			);
			runOnlyForDeploymentPostprocessing = 0;
		};
		B6948C68242D45C800A2315C /* Sources */ = {
			isa = PBXSourcesBuildPhase;
			buildActionMask = 2147483647;
			files = (
				B6948C71242D45C800A2315C /* FoodGameTests.swift in Sources */,
			);
			runOnlyForDeploymentPostprocessing = 0;
		};
		B6948C73242D45C800A2315C /* Sources */ = {
			isa = PBXSourcesBuildPhase;
			buildActionMask = 2147483647;
			files = (
				B6948C7C242D45C800A2315C /* FoodGameUITests.swift in Sources */,
			);
			runOnlyForDeploymentPostprocessing = 0;
		};
/* End PBXSourcesBuildPhase section */

/* Begin PBXTargetDependency section */
		B6948C6E242D45C800A2315C /* PBXTargetDependency */ = {
			isa = PBXTargetDependency;
			target = B6948C55242D45C600A2315C /* FoodGame */;
			targetProxy = B6948C6D242D45C800A2315C /* PBXContainerItemProxy */;
		};
		B6948C79242D45C800A2315C /* PBXTargetDependency */ = {
			isa = PBXTargetDependency;
			target = B6948C55242D45C600A2315C /* FoodGame */;
			targetProxy = B6948C78242D45C800A2315C /* PBXContainerItemProxy */;
		};
/* End PBXTargetDependency section */

/* Begin PBXVariantGroup section */
		02777BBA243BD75200521891 /* Personagem.storyboard */ = {
			isa = PBXVariantGroup;
			children = (
				02777BBB243BD75200521891 /* Base */,
				029BABE1245A08DF00E02336 /* en */,
				029BABE2245A0ABC00E02336 /* pt-BR */,
			);
			name = Personagem.storyboard;
			sourceTree = "<group>";
		};
		029BABD7245A03F800E02336 /* Localizable.strings */ = {
			isa = PBXVariantGroup;
			children = (
				029BABD6245A03F800E02336 /* en */,
				029BABDE245A05D000E02336 /* pt-BR */,
			);
			name = Localizable.strings;
			sourceTree = "<group>";
		};
		029BABD9245A052F00E02336 /* Info.plist */ = {
			isa = PBXVariantGroup;
			children = (
				029BABDA245A053200E02336 /* Base */,
				029BABDF245A05D000E02336 /* pt-BR */,
			);
			name = Info.plist;
			sourceTree = "<group>";
		};
		029BABE5245A192B00E02336 /* Config.storyboard */ = {
			isa = PBXVariantGroup;
			children = (
				029BABE7245A193400E02336 /* pt-BR */,
				029BABE8245A193600E02336 /* Base */,
				0266BA74245B448B00CFFB77 /* en */,
			);
			name = Config.storyboard;
			sourceTree = "<group>";
		};
		B6948C5F242D45C600A2315C /* Main.storyboard */ = {
			isa = PBXVariantGroup;
			children = (
				B6948C60242D45C600A2315C /* Base */,
				029BABDC245A05CF00E02336 /* pt-BR */,
			);
			name = Main.storyboard;
			sourceTree = "<group>";
		};
		B6948C64242D45C800A2315C /* LaunchScreen.storyboard */ = {
			isa = PBXVariantGroup;
			children = (
				B6948C65242D45C800A2315C /* Base */,
				029BABDD245A05D000E02336 /* pt-BR */,
			);
			name = LaunchScreen.storyboard;
			sourceTree = "<group>";
		};
/* End PBXVariantGroup section */

/* Begin XCBuildConfiguration section */
		B6948C7E242D45C800A2315C /* Debug */ = {
			isa = XCBuildConfiguration;
			buildSettings = {
				ALWAYS_SEARCH_USER_PATHS = NO;
				CLANG_ANALYZER_LOCALIZABILITY_NONLOCALIZED = YES;
				CLANG_ANALYZER_NONNULL = YES;
				CLANG_ANALYZER_NUMBER_OBJECT_CONVERSION = YES_AGGRESSIVE;
				CLANG_CXX_LANGUAGE_STANDARD = "gnu++14";
				CLANG_CXX_LIBRARY = "libc++";
				CLANG_ENABLE_MODULES = YES;
				CLANG_ENABLE_OBJC_ARC = YES;
				CLANG_ENABLE_OBJC_WEAK = YES;
				CLANG_WARN_BLOCK_CAPTURE_AUTORELEASING = YES;
				CLANG_WARN_BOOL_CONVERSION = YES;
				CLANG_WARN_COMMA = YES;
				CLANG_WARN_CONSTANT_CONVERSION = YES;
				CLANG_WARN_DEPRECATED_OBJC_IMPLEMENTATIONS = YES;
				CLANG_WARN_DIRECT_OBJC_ISA_USAGE = YES_ERROR;
				CLANG_WARN_DOCUMENTATION_COMMENTS = YES;
				CLANG_WARN_EMPTY_BODY = YES;
				CLANG_WARN_ENUM_CONVERSION = YES;
				CLANG_WARN_INFINITE_RECURSION = YES;
				CLANG_WARN_INT_CONVERSION = YES;
				CLANG_WARN_NON_LITERAL_NULL_CONVERSION = YES;
				CLANG_WARN_OBJC_IMPLICIT_RETAIN_SELF = YES;
				CLANG_WARN_OBJC_LITERAL_CONVERSION = YES;
				CLANG_WARN_OBJC_ROOT_CLASS = YES_ERROR;
				CLANG_WARN_RANGE_LOOP_ANALYSIS = YES;
				CLANG_WARN_STRICT_PROTOTYPES = YES;
				CLANG_WARN_SUSPICIOUS_MOVE = YES;
				CLANG_WARN_UNGUARDED_AVAILABILITY = YES_AGGRESSIVE;
				CLANG_WARN_UNREACHABLE_CODE = YES;
				CLANG_WARN__DUPLICATE_METHOD_MATCH = YES;
				COPY_PHASE_STRIP = NO;
				DEBUG_INFORMATION_FORMAT = dwarf;
				ENABLE_STRICT_OBJC_MSGSEND = YES;
				ENABLE_TESTABILITY = YES;
				GCC_C_LANGUAGE_STANDARD = gnu11;
				GCC_DYNAMIC_NO_PIC = NO;
				GCC_NO_COMMON_BLOCKS = YES;
				GCC_OPTIMIZATION_LEVEL = 0;
				GCC_PREPROCESSOR_DEFINITIONS = (
					"DEBUG=1",
					"$(inherited)",
				);
				GCC_WARN_64_TO_32_BIT_CONVERSION = YES;
				GCC_WARN_ABOUT_RETURN_TYPE = YES_ERROR;
				GCC_WARN_UNDECLARED_SELECTOR = YES;
				GCC_WARN_UNINITIALIZED_AUTOS = YES_AGGRESSIVE;
				GCC_WARN_UNUSED_FUNCTION = YES;
				GCC_WARN_UNUSED_VARIABLE = YES;
				IPHONEOS_DEPLOYMENT_TARGET = 13.4;
				MTL_ENABLE_DEBUG_INFO = INCLUDE_SOURCE;
				MTL_FAST_MATH = YES;
				ONLY_ACTIVE_ARCH = YES;
				SDKROOT = iphoneos;
				SWIFT_ACTIVE_COMPILATION_CONDITIONS = DEBUG;
				SWIFT_OPTIMIZATION_LEVEL = "-Onone";
			};
			name = Debug;
		};
		B6948C7F242D45C800A2315C /* Release */ = {
			isa = XCBuildConfiguration;
			buildSettings = {
				ALWAYS_SEARCH_USER_PATHS = NO;
				CLANG_ANALYZER_LOCALIZABILITY_NONLOCALIZED = YES;
				CLANG_ANALYZER_NONNULL = YES;
				CLANG_ANALYZER_NUMBER_OBJECT_CONVERSION = YES_AGGRESSIVE;
				CLANG_CXX_LANGUAGE_STANDARD = "gnu++14";
				CLANG_CXX_LIBRARY = "libc++";
				CLANG_ENABLE_MODULES = YES;
				CLANG_ENABLE_OBJC_ARC = YES;
				CLANG_ENABLE_OBJC_WEAK = YES;
				CLANG_WARN_BLOCK_CAPTURE_AUTORELEASING = YES;
				CLANG_WARN_BOOL_CONVERSION = YES;
				CLANG_WARN_COMMA = YES;
				CLANG_WARN_CONSTANT_CONVERSION = YES;
				CLANG_WARN_DEPRECATED_OBJC_IMPLEMENTATIONS = YES;
				CLANG_WARN_DIRECT_OBJC_ISA_USAGE = YES_ERROR;
				CLANG_WARN_DOCUMENTATION_COMMENTS = YES;
				CLANG_WARN_EMPTY_BODY = YES;
				CLANG_WARN_ENUM_CONVERSION = YES;
				CLANG_WARN_INFINITE_RECURSION = YES;
				CLANG_WARN_INT_CONVERSION = YES;
				CLANG_WARN_NON_LITERAL_NULL_CONVERSION = YES;
				CLANG_WARN_OBJC_IMPLICIT_RETAIN_SELF = YES;
				CLANG_WARN_OBJC_LITERAL_CONVERSION = YES;
				CLANG_WARN_OBJC_ROOT_CLASS = YES_ERROR;
				CLANG_WARN_RANGE_LOOP_ANALYSIS = YES;
				CLANG_WARN_STRICT_PROTOTYPES = YES;
				CLANG_WARN_SUSPICIOUS_MOVE = YES;
				CLANG_WARN_UNGUARDED_AVAILABILITY = YES_AGGRESSIVE;
				CLANG_WARN_UNREACHABLE_CODE = YES;
				CLANG_WARN__DUPLICATE_METHOD_MATCH = YES;
				COPY_PHASE_STRIP = NO;
				DEBUG_INFORMATION_FORMAT = "dwarf-with-dsym";
				ENABLE_NS_ASSERTIONS = NO;
				ENABLE_STRICT_OBJC_MSGSEND = YES;
				GCC_C_LANGUAGE_STANDARD = gnu11;
				GCC_NO_COMMON_BLOCKS = YES;
				GCC_WARN_64_TO_32_BIT_CONVERSION = YES;
				GCC_WARN_ABOUT_RETURN_TYPE = YES_ERROR;
				GCC_WARN_UNDECLARED_SELECTOR = YES;
				GCC_WARN_UNINITIALIZED_AUTOS = YES_AGGRESSIVE;
				GCC_WARN_UNUSED_FUNCTION = YES;
				GCC_WARN_UNUSED_VARIABLE = YES;
				IPHONEOS_DEPLOYMENT_TARGET = 13.4;
				MTL_ENABLE_DEBUG_INFO = NO;
				MTL_FAST_MATH = YES;
				SDKROOT = iphoneos;
				SWIFT_COMPILATION_MODE = wholemodule;
				SWIFT_OPTIMIZATION_LEVEL = "-O";
				VALIDATE_PRODUCT = YES;
			};
			name = Release;
		};
		B6948C81242D45C800A2315C /* Debug */ = {
			isa = XCBuildConfiguration;
			buildSettings = {
				ASSETCATALOG_COMPILER_APPICON_NAME = AppIcon;
				CODE_SIGN_STYLE = Automatic;
				INFOPLIST_FILE = FoodGame/Info.plist;
				LD_RUNPATH_SEARCH_PATHS = (
					"$(inherited)",
					"@executable_path/Frameworks",
				);
				PRODUCT_BUNDLE_IDENTIFIER = Chalenge2.FoodGame;
				PRODUCT_NAME = "$(TARGET_NAME)";
				SWIFT_VERSION = 5.0;
				TARGETED_DEVICE_FAMILY = "1,2";
			};
			name = Debug;
		};
		B6948C82242D45C800A2315C /* Release */ = {
			isa = XCBuildConfiguration;
			buildSettings = {
				ASSETCATALOG_COMPILER_APPICON_NAME = AppIcon;
				CODE_SIGN_STYLE = Automatic;
				INFOPLIST_FILE = FoodGame/Info.plist;
				LD_RUNPATH_SEARCH_PATHS = (
					"$(inherited)",
					"@executable_path/Frameworks",
				);
				PRODUCT_BUNDLE_IDENTIFIER = Chalenge2.FoodGame;
				PRODUCT_NAME = "$(TARGET_NAME)";
				SWIFT_VERSION = 5.0;
				TARGETED_DEVICE_FAMILY = "1,2";
			};
			name = Release;
		};
		B6948C84242D45C800A2315C /* Debug */ = {
			isa = XCBuildConfiguration;
			buildSettings = {
				ALWAYS_EMBED_SWIFT_STANDARD_LIBRARIES = YES;
				BUNDLE_LOADER = "$(TEST_HOST)";
				CODE_SIGN_STYLE = Automatic;
				INFOPLIST_FILE = FoodGameTests/Info.plist;
				IPHONEOS_DEPLOYMENT_TARGET = 13.4;
				LD_RUNPATH_SEARCH_PATHS = (
					"$(inherited)",
					"@executable_path/Frameworks",
					"@loader_path/Frameworks",
				);
				PRODUCT_BUNDLE_IDENTIFIER = Chalenge2.FoodGameTests;
				PRODUCT_NAME = "$(TARGET_NAME)";
				SWIFT_VERSION = 5.0;
				TARGETED_DEVICE_FAMILY = "1,2";
				TEST_HOST = "$(BUILT_PRODUCTS_DIR)/FoodGame.app/FoodGame";
			};
			name = Debug;
		};
		B6948C85242D45C800A2315C /* Release */ = {
			isa = XCBuildConfiguration;
			buildSettings = {
				ALWAYS_EMBED_SWIFT_STANDARD_LIBRARIES = YES;
				BUNDLE_LOADER = "$(TEST_HOST)";
				CODE_SIGN_STYLE = Automatic;
				INFOPLIST_FILE = FoodGameTests/Info.plist;
				IPHONEOS_DEPLOYMENT_TARGET = 13.4;
				LD_RUNPATH_SEARCH_PATHS = (
					"$(inherited)",
					"@executable_path/Frameworks",
					"@loader_path/Frameworks",
				);
				PRODUCT_BUNDLE_IDENTIFIER = Chalenge2.FoodGameTests;
				PRODUCT_NAME = "$(TARGET_NAME)";
				SWIFT_VERSION = 5.0;
				TARGETED_DEVICE_FAMILY = "1,2";
				TEST_HOST = "$(BUILT_PRODUCTS_DIR)/FoodGame.app/FoodGame";
			};
			name = Release;
		};
		B6948C87242D45C800A2315C /* Debug */ = {
			isa = XCBuildConfiguration;
			buildSettings = {
				ALWAYS_EMBED_SWIFT_STANDARD_LIBRARIES = YES;
				CODE_SIGN_STYLE = Automatic;
				INFOPLIST_FILE = FoodGameUITests/Info.plist;
				LD_RUNPATH_SEARCH_PATHS = (
					"$(inherited)",
					"@executable_path/Frameworks",
					"@loader_path/Frameworks",
				);
				PRODUCT_BUNDLE_IDENTIFIER = Chalenge2.FoodGameUITests;
				PRODUCT_NAME = "$(TARGET_NAME)";
				SWIFT_VERSION = 5.0;
				TARGETED_DEVICE_FAMILY = "1,2";
				TEST_TARGET_NAME = FoodGame;
			};
			name = Debug;
		};
		B6948C88242D45C800A2315C /* Release */ = {
			isa = XCBuildConfiguration;
			buildSettings = {
				ALWAYS_EMBED_SWIFT_STANDARD_LIBRARIES = YES;
				CODE_SIGN_STYLE = Automatic;
				INFOPLIST_FILE = FoodGameUITests/Info.plist;
				LD_RUNPATH_SEARCH_PATHS = (
					"$(inherited)",
					"@executable_path/Frameworks",
					"@loader_path/Frameworks",
				);
				PRODUCT_BUNDLE_IDENTIFIER = Chalenge2.FoodGameUITests;
				PRODUCT_NAME = "$(TARGET_NAME)";
				SWIFT_VERSION = 5.0;
				TARGETED_DEVICE_FAMILY = "1,2";
				TEST_TARGET_NAME = FoodGame;
			};
			name = Release;
		};
/* End XCBuildConfiguration section */

/* Begin XCConfigurationList section */
		B6948C51242D45C600A2315C /* Build configuration list for PBXProject "FoodGame" */ = {
			isa = XCConfigurationList;
			buildConfigurations = (
				B6948C7E242D45C800A2315C /* Debug */,
				B6948C7F242D45C800A2315C /* Release */,
			);
			defaultConfigurationIsVisible = 0;
			defaultConfigurationName = Release;
		};
		B6948C80242D45C800A2315C /* Build configuration list for PBXNativeTarget "FoodGame" */ = {
			isa = XCConfigurationList;
			buildConfigurations = (
				B6948C81242D45C800A2315C /* Debug */,
				B6948C82242D45C800A2315C /* Release */,
			);
			defaultConfigurationIsVisible = 0;
			defaultConfigurationName = Release;
		};
		B6948C83242D45C800A2315C /* Build configuration list for PBXNativeTarget "FoodGameTests" */ = {
			isa = XCConfigurationList;
			buildConfigurations = (
				B6948C84242D45C800A2315C /* Debug */,
				B6948C85242D45C800A2315C /* Release */,
			);
			defaultConfigurationIsVisible = 0;
			defaultConfigurationName = Release;
		};
		B6948C86242D45C800A2315C /* Build configuration list for PBXNativeTarget "FoodGameUITests" */ = {
			isa = XCConfigurationList;
			buildConfigurations = (
				B6948C87242D45C800A2315C /* Debug */,
				B6948C88242D45C800A2315C /* Release */,
			);
			defaultConfigurationIsVisible = 0;
			defaultConfigurationName = Release;
		};
/* End XCConfigurationList section */
	};
	rootObject = B6948C4E242D45C600A2315C /* Project object */;
}
